
Microsoft Visual Studio Solution File, Format Version 12.00
# Visual Studio Version 16
VisualStudioVersion = 16.0.30114.105
MinimumVisualStudioVersion = 10.0.40219.1
Project("{FAE04EC0-301F-11D3-BF4B-00C04F79EFBC}") = "TicTacToeMS", "TicTacToeMS\TicTacToeMS.csproj", "{41561382-DCB5-4836-935B-6FBBB6D85E10}"
EndProject
Project("{FAE04EC0-301F-11D3-BF4B-00C04F79EFBC}") = "TicTacToeMS-Tests", "TicTacToeMS-Tests\TicTacToeMS-Tests.csproj", "{C356883C-0C51-4BF4-A326-40FDB0A07B52}"
EndProject
Global
	GlobalSection(SolutionConfigurationPlatforms) = preSolution
		Debug|Any CPU = Debug|Any CPU
		Release|Any CPU = Release|Any CPU
	EndGlobalSection
	GlobalSection(SolutionProperties) = preSolution
		HideSolutionNode = FALSE
	EndGlobalSection
	GlobalSection(ProjectConfigurationPlatforms) = postSolution
		{41561382-DCB5-4836-935B-6FBBB6D85E10}.Debug|Any CPU.ActiveCfg = Debug|Any CPU
		{41561382-DCB5-4836-935B-6FBBB6D85E10}.Debug|Any CPU.Build.0 = Debug|Any CPU
		{41561382-DCB5-4836-935B-6FBBB6D85E10}.Release|Any CPU.ActiveCfg = Release|Any CPU
		{41561382-DCB5-4836-935B-6FBBB6D85E10}.Release|Any CPU.Build.0 = Release|Any CPU
		{C356883C-0C51-4BF4-A326-40FDB0A07B52}.Debug|Any CPU.ActiveCfg = Debug|Any CPU
		{C356883C-0C51-4BF4-A326-40FDB0A07B52}.Debug|Any CPU.Build.0 = Debug|Any CPU
		{C356883C-0C51-4BF4-A326-40FDB0A07B52}.Release|Any CPU.ActiveCfg = Release|Any CPU
		{C356883C-0C51-4BF4-A326-40FDB0A07B52}.Release|Any CPU.Build.0 = Release|Any CPU
	EndGlobalSection
EndGlobal
